
Microsoft Visual Studio Solution File, Format Version 12.00
Project("{FAE04EC0-301F-11D3-BF4B-00C04F79EFBC}") = "Pausenshop-Bestellsystem.Core", "Pausenshop-Bestellsystem.Core\Pausenshop-Bestellsystem.Core.csproj", "{37DA3A23-952C-4626-B6F2-FB9E5987993D}"
EndProject
Project("{FAE04EC0-301F-11D3-BF4B-00C04F79EFBC}") = "Pausenshop-Bestellsystem.Logic", "Pausenshop-Bestellsystem.Logic\Pausenshop-Bestellsystem.Logic.csproj", "{BA6DE4C6-E255-44E3-A00C-18E78386C2B7}"
EndProject
Global
	GlobalSection(SolutionConfigurationPlatforms) = preSolution
		Debug|Any CPU = Debug|Any CPU
		Release|Any CPU = Release|Any CPU
	EndGlobalSection
	GlobalSection(ProjectConfigurationPlatforms) = postSolution
		{37DA3A23-952C-4626-B6F2-FB9E5987993D}.Debug|Any CPU.ActiveCfg = Debug|Any CPU
		{37DA3A23-952C-4626-B6F2-FB9E5987993D}.Debug|Any CPU.Build.0 = Debug|Any CPU
		{37DA3A23-952C-4626-B6F2-FB9E5987993D}.Release|Any CPU.ActiveCfg = Release|Any CPU
		{37DA3A23-952C-4626-B6F2-FB9E5987993D}.Release|Any CPU.Build.0 = Release|Any CPU
		{BA6DE4C6-E255-44E3-A00C-18E78386C2B7}.Debug|Any CPU.ActiveCfg = Debug|Any CPU
		{BA6DE4C6-E255-44E3-A00C-18E78386C2B7}.Debug|Any CPU.Build.0 = Debug|Any CPU
		{BA6DE4C6-E255-44E3-A00C-18E78386C2B7}.Release|Any CPU.ActiveCfg = Release|Any CPU
		{BA6DE4C6-E255-44E3-A00C-18E78386C2B7}.Release|Any CPU.Build.0 = Release|Any CPU
	EndGlobalSection
EndGlobal
